
Microsoft Visual Studio Solution File, Format Version 12.00
# Visual Studio Version 16
VisualStudioVersion = 16.0.808.0
MinimumVisualStudioVersion = 10.0.40219.1
Project("{9A19103F-16F7-4668-BE54-9A1E7A4F7556}") = "PlexMediaArchiver", "PlexMediaArchiver\PlexMediaArchiver.csproj", "{6401AFDE-BF2C-4075-BC3A-749FCFA44558}"
EndProject
Project("{FAE04EC0-301F-11D3-BF4B-00C04F79EFBC}") = "PMAData", "PMAData\PMAData.csproj", "{8F0F1E4D-D577-4800-80F7-72A20D8CC5A4}"
EndProject
Global
	GlobalSection(SolutionConfigurationPlatforms) = preSolution
		Debug|Any CPU = Debug|Any CPU
		Release|Any CPU = Release|Any CPU
	EndGlobalSection
	GlobalSection(ProjectConfigurationPlatforms) = postSolution
		{6401AFDE-BF2C-4075-BC3A-749FCFA44558}.Debug|Any CPU.ActiveCfg = Debug|Any CPU
		{6401AFDE-BF2C-4075-BC3A-749FCFA44558}.Debug|Any CPU.Build.0 = Debug|Any CPU
		{6401AFDE-BF2C-4075-BC3A-749FCFA44558}.Release|Any CPU.ActiveCfg = Release|Any CPU
		{6401AFDE-BF2C-4075-BC3A-749FCFA44558}.Release|Any CPU.Build.0 = Release|Any CPU
		{8F0F1E4D-D577-4800-80F7-72A20D8CC5A4}.Debug|Any CPU.ActiveCfg = Debug|Any CPU
		{8F0F1E4D-D577-4800-80F7-72A20D8CC5A4}.Debug|Any CPU.Build.0 = Debug|Any CPU
		{8F0F1E4D-D577-4800-80F7-72A20D8CC5A4}.Release|Any CPU.ActiveCfg = Release|Any CPU
		{8F0F1E4D-D577-4800-80F7-72A20D8CC5A4}.Release|Any CPU.Build.0 = Release|Any CPU
	EndGlobalSection
	GlobalSection(SolutionProperties) = preSolution
		HideSolutionNode = FALSE
	EndGlobalSection
	GlobalSection(ExtensibilityGlobals) = postSolution
		SolutionGuid = {D1F5137F-25F5-43C6-8330-177BFDF26CC9}
	EndGlobalSection
EndGlobal
